
Microsoft Visual Studio Solution File, Format Version 12.00
# Visual Studio Version 17
VisualStudioVersion = 17.7.34031.279
MinimumVisualStudioVersion = 10.0.40219.1
Project("{2150E333-8FDC-42A3-9474-1A3956D46DE8}") = "Core", "Core", "{2DF6F9AA-FE74-4C93-8119-143CDCC4969C}"
EndProject
Project("{2150E333-8FDC-42A3-9474-1A3956D46DE8}") = "Infrasctructure", "Infrasctructure", "{BFFAF56D-4CE6-48A3-BAD1-B465E09D4446}"
EndProject
Project("{2150E333-8FDC-42A3-9474-1A3956D46DE8}") = "Presentation", "Presentation", "{2152AF27-36D9-4C76-8C22-E39DF3DA5759}"
EndProject
Project("{9A19103F-16F7-4668-BE54-9A1E7A4F7556}") = "Archieves_Application", "Core\Archieves_Application\Archieves_Application.csproj", "{3977EB3F-A9ED-4FF5-AE63-B3E85F7141C3}"
	ProjectSection(ProjectDependencies) = postProject
		{11580E17-8C0C-494B-9680-392B04E57E6E} = {11580E17-8C0C-494B-9680-392B04E57E6E}
	EndProjectSection
EndProject
Project("{FAE04EC0-301F-11D3-BF4B-00C04F79EFBC}") = "Archieves_Domain", "Core\Archieves_Domain\Archieves_Domain.csproj", "{11580E17-8C0C-494B-9680-392B04E57E6E}"
EndProject
Project("{FAE04EC0-301F-11D3-BF4B-00C04F79EFBC}") = "Archieves_Persistence", "Infrastructure\Archieves_Persistence\Archieves_Persistence.csproj", "{E14527B5-B25B-4B81-9E5A-4B748B3FC233}"
	ProjectSection(ProjectDependencies) = postProject
		{3977EB3F-A9ED-4FF5-AE63-B3E85F7141C3} = {3977EB3F-A9ED-4FF5-AE63-B3E85F7141C3}
	EndProjectSection
EndProject
Global
	GlobalSection(SolutionConfigurationPlatforms) = preSolution
		Debug|Any CPU = Debug|Any CPU
		Release|Any CPU = Release|Any CPU
	EndGlobalSection
	GlobalSection(ProjectConfigurationPlatforms) = postSolution
		{3977EB3F-A9ED-4FF5-AE63-B3E85F7141C3}.Debug|Any CPU.ActiveCfg = Debug|Any CPU
		{3977EB3F-A9ED-4FF5-AE63-B3E85F7141C3}.Debug|Any CPU.Build.0 = Debug|Any CPU
		{3977EB3F-A9ED-4FF5-AE63-B3E85F7141C3}.Release|Any CPU.ActiveCfg = Release|Any CPU
		{3977EB3F-A9ED-4FF5-AE63-B3E85F7141C3}.Release|Any CPU.Build.0 = Release|Any CPU
		{11580E17-8C0C-494B-9680-392B04E57E6E}.Debug|Any CPU.ActiveCfg = Debug|Any CPU
		{11580E17-8C0C-494B-9680-392B04E57E6E}.Debug|Any CPU.Build.0 = Debug|Any CPU
		{11580E17-8C0C-494B-9680-392B04E57E6E}.Release|Any CPU.ActiveCfg = Release|Any CPU
		{11580E17-8C0C-494B-9680-392B04E57E6E}.Release|Any CPU.Build.0 = Release|Any CPU
		{E14527B5-B25B-4B81-9E5A-4B748B3FC233}.Debug|Any CPU.ActiveCfg = Debug|Any CPU
		{E14527B5-B25B-4B81-9E5A-4B748B3FC233}.Debug|Any CPU.Build.0 = Debug|Any CPU
		{E14527B5-B25B-4B81-9E5A-4B748B3FC233}.Release|Any CPU.ActiveCfg = Release|Any CPU
		{E14527B5-B25B-4B81-9E5A-4B748B3FC233}.Release|Any CPU.Build.0 = Release|Any CPU
	EndGlobalSection
	GlobalSection(SolutionProperties) = preSolution
		HideSolutionNode = FALSE
	EndGlobalSection
	GlobalSection(NestedProjects) = preSolution
		{3977EB3F-A9ED-4FF5-AE63-B3E85F7141C3} = {2DF6F9AA-FE74-4C93-8119-143CDCC4969C}
		{11580E17-8C0C-494B-9680-392B04E57E6E} = {2DF6F9AA-FE74-4C93-8119-143CDCC4969C}
		{E14527B5-B25B-4B81-9E5A-4B748B3FC233} = {BFFAF56D-4CE6-48A3-BAD1-B465E09D4446}
	EndGlobalSection
	GlobalSection(ExtensibilityGlobals) = postSolution
		SolutionGuid = {B2786BA3-B642-40B6-B159-DD03E79418B6}
	EndGlobalSection
EndGlobal
